
Microsoft Visual Studio Solution File, Format Version 12.00
# Visual Studio Version 16
VisualStudioVersion = 16.0.31424.327
MinimumVisualStudioVersion = 10.0.40219.1
Project("{FAE04EC0-301F-11D3-BF4B-00C04F79EFBC}") = "GelatoGuide", "GelatoGuide\GelatoGuide.csproj", "{266A5F5F-7115-4B53-B48A-3B9FAE4A585B}"
EndProject
Global
	GlobalSection(SolutionConfigurationPlatforms) = preSolution
		Debug|Any CPU = Debug|Any CPU
		Release|Any CPU = Release|Any CPU
	EndGlobalSection
	GlobalSection(ProjectConfigurationPlatforms) = postSolution
		{266A5F5F-7115-4B53-B48A-3B9FAE4A585B}.Debug|Any CPU.ActiveCfg = Debug|Any CPU
		{266A5F5F-7115-4B53-B48A-3B9FAE4A585B}.Debug|Any CPU.Build.0 = Debug|Any CPU
		{266A5F5F-7115-4B53-B48A-3B9FAE4A585B}.Release|Any CPU.ActiveCfg = Release|Any CPU
		{266A5F5F-7115-4B53-B48A-3B9FAE4A585B}.Release|Any CPU.Build.0 = Release|Any CPU
	EndGlobalSection
	GlobalSection(SolutionProperties) = preSolution
		HideSolutionNode = FALSE
	EndGlobalSection
	GlobalSection(ExtensibilityGlobals) = postSolution
		SolutionGuid = {160B43B8-9CB8-4CD2-9CBA-0E31AB9E404F}
	EndGlobalSection
EndGlobal
